
Microsoft Visual Studio Solution File, Format Version 12.00
# Visual Studio Version 17
VisualStudioVersion = 17.11.35312.102
MinimumVisualStudioVersion = 10.0.40219.1
Project("{FAE04EC0-301F-11D3-BF4B-00C04F79EFBC}") = "Inlamning 3 Prague Parking V2", "Inlamning 3 Prague Parking V2\Inlamning 3 Prague Parking V2.csproj", "{D9EADA6B-7B66-4715-8813-B62A1C44EFAA}"
EndProject
Global
	GlobalSection(SolutionConfigurationPlatforms) = preSolution
		Debug|Any CPU = Debug|Any CPU
		Release|Any CPU = Release|Any CPU
	EndGlobalSection
	GlobalSection(ProjectConfigurationPlatforms) = postSolution
		{D9EADA6B-7B66-4715-8813-B62A1C44EFAA}.Debug|Any CPU.ActiveCfg = Debug|Any CPU
		{D9EADA6B-7B66-4715-8813-B62A1C44EFAA}.Debug|Any CPU.Build.0 = Debug|Any CPU
		{D9EADA6B-7B66-4715-8813-B62A1C44EFAA}.Release|Any CPU.ActiveCfg = Release|Any CPU
		{D9EADA6B-7B66-4715-8813-B62A1C44EFAA}.Release|Any CPU.Build.0 = Release|Any CPU
	EndGlobalSection
	GlobalSection(SolutionProperties) = preSolution
		HideSolutionNode = FALSE
	EndGlobalSection
	GlobalSection(ExtensibilityGlobals) = postSolution
		SolutionGuid = {95A14139-CF78-449E-BFFB-C9CA90C843F6}
	EndGlobalSection
EndGlobal
